packages:
  - name: dbt_utils
    package: dbt-labs/dbt_utils
    version: 1.4.1
  - name: dbt_expectations
    package: metaplane/dbt_expectations
    version: 0.10.10
  - name: dbt_project_evaluator
    package: dbt-labs/dbt_project_evaluator
    version: 0.14.3
  - name: dbt_date
    package: godatadriven/dbt_date
    version: 0.21.0
sha1_hash: 6081e1117f1b591ef27a41db2132c4f03290224f
